
Microsoft Visual Studio Solution File, Format Version 12.00
# Visual Studio Version 17
VisualStudioVersion = 17.5.33502.453
MinimumVisualStudioVersion = 10.0.40219.1
Project("{9A19103F-16F7-4668-BE54-9A1E7A4F7556}") = "Umbrella.DrugStore.WebApi", "Umbrella.DrugStore.WebApi\Umbrella.DrugStore.WebApi.csproj", "{75C6C47B-6A05-4EC7-B191-C12C72F2B810}"
EndProject
Global
	GlobalSection(SolutionConfigurationPlatforms) = preSolution
		Debug|Any CPU = Debug|Any CPU
		Release|Any CPU = Release|Any CPU
	EndGlobalSection
	GlobalSection(ProjectConfigurationPlatforms) = postSolution
		{75C6C47B-6A05-4EC7-B191-C12C72F2B810}.Debug|Any CPU.ActiveCfg = Debug|Any CPU
		{75C6C47B-6A05-4EC7-B191-C12C72F2B810}.Debug|Any CPU.Build.0 = Debug|Any CPU
		{75C6C47B-6A05-4EC7-B191-C12C72F2B810}.Release|Any CPU.ActiveCfg = Release|Any CPU
		{75C6C47B-6A05-4EC7-B191-C12C72F2B810}.Release|Any CPU.Build.0 = Release|Any CPU
	EndGlobalSection
	GlobalSection(SolutionProperties) = preSolution
		HideSolutionNode = FALSE
	EndGlobalSection
	GlobalSection(ExtensibilityGlobals) = postSolution
		SolutionGuid = {151F5D73-1E2E-44B9-B784-EAC8D7E13D52}
	EndGlobalSection
EndGlobal
